{
  "name": "renovate-trial",
  "version": "1.0.0",
  "lockfileVersion": 3,
  "requires": true,
  "packages": {
    "": {
      "name": "renovate-trial",
      "version": "1.0.0",
      "license": "MIT",
      "dependencies": {
        "nested-obsolete-dependencies": "^1.0.4"
      },
      "engines": {
        "node": "^16"
      }
    },
    "node_modules/nested-obsolete-dependencies": {
      "version": "1.0.4",
      "resolved": "https://registry.npmjs.org/nested-obsolete-dependencies/-/nested-obsolete-dependencies-1.0.4.tgz",
      "integrity": "sha512-ah6P7mF6dka5nSXdFH3hbVssRpIkC6bcFyIgqrpkdhzdCN1ywgcCNSke9ZaxKfwiUClODPog0vjAja7JLB7M7A==",
      "engines": {
        "node": "^16"
      }
    }
  }
}
